
Microsoft Visual Studio Solution File, Format Version 12.00
# Visual Studio Version 16
VisualStudioVersion = 16.0.28803.202
MinimumVisualStudioVersion = 10.0.40219.1
Project("{FAE04EC0-301F-11D3-BF4B-00C04F79EFBC}") = "CTDL", "CTDL.csproj", "{62CC92C6-B135-4E5D-850E-61983AC23F40}"
EndProject
Global
	GlobalSection(SolutionConfigurationPlatforms) = preSolution
		Debug|Any CPU = Debug|Any CPU
		Release|Any CPU = Release|Any CPU
	EndGlobalSection
	GlobalSection(ProjectConfigurationPlatforms) = postSolution
		{62CC92C6-B135-4E5D-850E-61983AC23F40}.Debug|Any CPU.ActiveCfg = Debug|Any CPU
		{62CC92C6-B135-4E5D-850E-61983AC23F40}.Debug|Any CPU.Build.0 = Debug|Any CPU
		{62CC92C6-B135-4E5D-850E-61983AC23F40}.Release|Any CPU.ActiveCfg = Release|Any CPU
		{62CC92C6-B135-4E5D-850E-61983AC23F40}.Release|Any CPU.Build.0 = Release|Any CPU
	EndGlobalSection
	GlobalSection(SolutionProperties) = preSolution
		HideSolutionNode = FALSE
	EndGlobalSection
	GlobalSection(ExtensibilityGlobals) = postSolution
		SolutionGuid = {DA7B7C5A-DD67-4988-9F67-E6EC9D9094A5}
	EndGlobalSection
EndGlobal
